
Microsoft Visual Studio Solution File, Format Version 12.00
# Visual Studio Version 17
VisualStudioVersion = 17.5.33530.505
MinimumVisualStudioVersion = 10.0.40219.1
Project("{8BC9CEB8-8B4A-11D0-8D11-00A0C91BC942}") = "CollidingSquares2D", "CollidingSquares2D.vcxproj", "{FD6EF142-822A-4EC5-A741-6FE87C992B91}"
EndProject
Global
	GlobalSection(SolutionConfigurationPlatforms) = preSolution
		Debug|x64 = Debug|x64
		Debug|x86 = Debug|x86
		Release|x64 = Release|x64
		Release|x86 = Release|x86
	EndGlobalSection
	GlobalSection(ProjectConfigurationPlatforms) = postSolution
		{FD6EF142-822A-4EC5-A741-6FE87C992B91}.Debug|x64.ActiveCfg = Debug|x64
		{FD6EF142-822A-4EC5-A741-6FE87C992B91}.Debug|x64.Build.0 = Debug|x64
		{FD6EF142-822A-4EC5-A741-6FE87C992B91}.Debug|x86.ActiveCfg = Debug|Win32
		{FD6EF142-822A-4EC5-A741-6FE87C992B91}.Debug|x86.Build.0 = Debug|Win32
		{FD6EF142-822A-4EC5-A741-6FE87C992B91}.Release|x64.ActiveCfg = Release|x64
		{FD6EF142-822A-4EC5-A741-6FE87C992B91}.Release|x64.Build.0 = Release|x64
		{FD6EF142-822A-4EC5-A741-6FE87C992B91}.Release|x86.ActiveCfg = Release|Win32
		{FD6EF142-822A-4EC5-A741-6FE87C992B91}.Release|x86.Build.0 = Release|Win32
	EndGlobalSection
	GlobalSection(SolutionProperties) = preSolution
		HideSolutionNode = FALSE
	EndGlobalSection
	GlobalSection(ExtensibilityGlobals) = postSolution
		SolutionGuid = {F131E0EC-31B9-4E6E-9F82-3017B6EA34C9}
	EndGlobalSection
EndGlobal
